
Microsoft Visual Studio Solution File, Format Version 12.00
# Visual Studio Version 17
VisualStudioVersion = 17.7.34018.315
MinimumVisualStudioVersion = 10.0.40219.1
Project("{9A19103F-16F7-4668-BE54-9A1E7A4F7556}") = "SimpleCalculator", "StackAndQueues\SimpleCalculator.csproj", "{22017B2D-435E-4959-AF68-24CC39BFBE75}"
EndProject
Project("{9A19103F-16F7-4668-BE54-9A1E7A4F7556}") = "MatchingBracket", "MatchingBracket\MatchingBracket.csproj", "{5353993B-185B-4085-A94D-80F93B6BCD23}"
EndProject
Project("{9A19103F-16F7-4668-BE54-9A1E7A4F7556}") = "PrintEvenNumbers", "PrintEvenNumbers\PrintEvenNumbers.csproj", "{44CA242D-DE96-45C8-B6EF-EF887726F611}"
EndProject
Project("{9A19103F-16F7-4668-BE54-9A1E7A4F7556}") = "Supermarket", "Supermarket\Supermarket.csproj", "{E9EADF5C-176F-4955-BB30-EBDC6B8E32DB}"
EndProject
Project("{9A19103F-16F7-4668-BE54-9A1E7A4F7556}") = "HotPotato", "HotPotato\HotPotato.csproj", "{38453612-5336-4067-B4D4-03BCBD2D8BE0}"
EndProject
Project("{9A19103F-16F7-4668-BE54-9A1E7A4F7556}") = "MaximumAndMinimumNumber", "MaximumAndMinimumNumber\MaximumAndMinimumNumber.csproj", "{0AB6F22A-FF36-48C6-96C7-DA2FE74D7EF2}"
EndProject
Project("{9A19103F-16F7-4668-BE54-9A1E7A4F7556}") = "FastFood", "FastFood\FastFood.csproj", "{06223143-DD0F-4A76-9A33-4FA13A04056D}"
EndProject
Project("{9A19103F-16F7-4668-BE54-9A1E7A4F7556}") = "FashionBoutique", "FashionBoutique\FashionBoutique.csproj", "{9C41E0B5-7C83-4FDF-869F-22477A90DD2D}"
EndProject
Project("{FAE04EC0-301F-11D3-BF4B-00C04F79EFBC}") = "SongsQueue", "SongsQueue\SongsQueue.csproj", "{1EF5E663-6FF4-4212-A0FF-F8CEED02B339}"
EndProject
Project("{FAE04EC0-301F-11D3-BF4B-00C04F79EFBC}") = "BalancedParenthesis", "BalancedParenthesis\BalancedParenthesis.csproj", "{BF4E7E89-1D3E-4799-A959-914A4D47181B}"
EndProject
Project("{FAE04EC0-301F-11D3-BF4B-00C04F79EFBC}") = "SimpleTextEditor", "SimpleTextEditor\SimpleTextEditor.csproj", "{675591E6-A00A-48E4-98B4-E5CF2B9FD38F}"
EndProject
Global
	GlobalSection(SolutionConfigurationPlatforms) = preSolution
		Debug|Any CPU = Debug|Any CPU
		Release|Any CPU = Release|Any CPU
	EndGlobalSection
	GlobalSection(ProjectConfigurationPlatforms) = postSolution
		{22017B2D-435E-4959-AF68-24CC39BFBE75}.Debug|Any CPU.ActiveCfg = Debug|Any CPU
		{22017B2D-435E-4959-AF68-24CC39BFBE75}.Debug|Any CPU.Build.0 = Debug|Any CPU
		{22017B2D-435E-4959-AF68-24CC39BFBE75}.Release|Any CPU.ActiveCfg = Release|Any CPU
		{22017B2D-435E-4959-AF68-24CC39BFBE75}.Release|Any CPU.Build.0 = Release|Any CPU
		{5353993B-185B-4085-A94D-80F93B6BCD23}.Debug|Any CPU.ActiveCfg = Debug|Any CPU
		{5353993B-185B-4085-A94D-80F93B6BCD23}.Debug|Any CPU.Build.0 = Debug|Any CPU
		{5353993B-185B-4085-A94D-80F93B6BCD23}.Release|Any CPU.ActiveCfg = Release|Any CPU
		{5353993B-185B-4085-A94D-80F93B6BCD23}.Release|Any CPU.Build.0 = Release|Any CPU
		{44CA242D-DE96-45C8-B6EF-EF887726F611}.Debug|Any CPU.ActiveCfg = Debug|Any CPU
		{44CA242D-DE96-45C8-B6EF-EF887726F611}.Debug|Any CPU.Build.0 = Debug|Any CPU
		{44CA242D-DE96-45C8-B6EF-EF887726F611}.Release|Any CPU.ActiveCfg = Release|Any CPU
		{44CA242D-DE96-45C8-B6EF-EF887726F611}.Release|Any CPU.Build.0 = Release|Any CPU
		{E9EADF5C-176F-4955-BB30-EBDC6B8E32DB}.Debug|Any CPU.ActiveCfg = Debug|Any CPU
		{E9EADF5C-176F-4955-BB30-EBDC6B8E32DB}.Debug|Any CPU.Build.0 = Debug|Any CPU
		{E9EADF5C-176F-4955-BB30-EBDC6B8E32DB}.Release|Any CPU.ActiveCfg = Release|Any CPU
		{E9EADF5C-176F-4955-BB30-EBDC6B8E32DB}.Release|Any CPU.Build.0 = Release|Any CPU
		{38453612-5336-4067-B4D4-03BCBD2D8BE0}.Debug|Any CPU.ActiveCfg = Debug|Any CPU
		{38453612-5336-4067-B4D4-03BCBD2D8BE0}.Debug|Any CPU.Build.0 = Debug|Any CPU
		{38453612-5336-4067-B4D4-03BCBD2D8BE0}.Release|Any CPU.ActiveCfg = Release|Any CPU
		{38453612-5336-4067-B4D4-03BCBD2D8BE0}.Release|Any CPU.Build.0 = Release|Any CPU
		{0AB6F22A-FF36-48C6-96C7-DA2FE74D7EF2}.Debug|Any CPU.ActiveCfg = Debug|Any CPU
		{0AB6F22A-FF36-48C6-96C7-DA2FE74D7EF2}.Debug|Any CPU.Build.0 = Debug|Any CPU
		{0AB6F22A-FF36-48C6-96C7-DA2FE74D7EF2}.Release|Any CPU.ActiveCfg = Release|Any CPU
		{0AB6F22A-FF36-48C6-96C7-DA2FE74D7EF2}.Release|Any CPU.Build.0 = Release|Any CPU
		{06223143-DD0F-4A76-9A33-4FA13A04056D}.Debug|Any CPU.ActiveCfg = Debug|Any CPU
		{06223143-DD0F-4A76-9A33-4FA13A04056D}.Debug|Any CPU.Build.0 = Debug|Any CPU
		{06223143-DD0F-4A76-9A33-4FA13A04056D}.Release|Any CPU.ActiveCfg = Release|Any CPU
		{06223143-DD0F-4A76-9A33-4FA13A04056D}.Release|Any CPU.Build.0 = Release|Any CPU
		{9C41E0B5-7C83-4FDF-869F-22477A90DD2D}.Debug|Any CPU.ActiveCfg = Debug|Any CPU
		{9C41E0B5-7C83-4FDF-869F-22477A90DD2D}.Debug|Any CPU.Build.0 = Debug|Any CPU
		{9C41E0B5-7C83-4FDF-869F-22477A90DD2D}.Release|Any CPU.ActiveCfg = Release|Any CPU
		{9C41E0B5-7C83-4FDF-869F-22477A90DD2D}.Release|Any CPU.Build.0 = Release|Any CPU
		{1EF5E663-6FF4-4212-A0FF-F8CEED02B339}.Debug|Any CPU.ActiveCfg = Debug|Any CPU
		{1EF5E663-6FF4-4212-A0FF-F8CEED02B339}.Debug|Any CPU.Build.0 = Debug|Any CPU
		{1EF5E663-6FF4-4212-A0FF-F8CEED02B339}.Release|Any CPU.ActiveCfg = Release|Any CPU
		{1EF5E663-6FF4-4212-A0FF-F8CEED02B339}.Release|Any CPU.Build.0 = Release|Any CPU
		{BF4E7E89-1D3E-4799-A959-914A4D47181B}.Debug|Any CPU.ActiveCfg = Debug|Any CPU
		{BF4E7E89-1D3E-4799-A959-914A4D47181B}.Debug|Any CPU.Build.0 = Debug|Any CPU
		{BF4E7E89-1D3E-4799-A959-914A4D47181B}.Release|Any CPU.ActiveCfg = Release|Any CPU
		{BF4E7E89-1D3E-4799-A959-914A4D47181B}.Release|Any CPU.Build.0 = Release|Any CPU
		{675591E6-A00A-48E4-98B4-E5CF2B9FD38F}.Debug|Any CPU.ActiveCfg = Debug|Any CPU
		{675591E6-A00A-48E4-98B4-E5CF2B9FD38F}.Debug|Any CPU.Build.0 = Debug|Any CPU
		{675591E6-A00A-48E4-98B4-E5CF2B9FD38F}.Release|Any CPU.ActiveCfg = Release|Any CPU
		{675591E6-A00A-48E4-98B4-E5CF2B9FD38F}.Release|Any CPU.Build.0 = Release|Any CPU
	EndGlobalSection
	GlobalSection(SolutionProperties) = preSolution
		HideSolutionNode = FALSE
	EndGlobalSection
	GlobalSection(ExtensibilityGlobals) = postSolution
		SolutionGuid = {82726422-40C0-4BC7-9483-EE1239EBACE4}
	EndGlobalSection
EndGlobal
